
Microsoft Visual Studio Solution File, Format Version 12.00
# Visual Studio Version 16
VisualStudioVersion = 16.0.30413.136
MinimumVisualStudioVersion = 10.0.40219.1
Project("{FAE04EC0-301F-11D3-BF4B-00C04F79EFBC}") = "SWE3", "SWE3\SWE3.csproj", "{790ACB58-C889-4F3D-94FD-F0F7CFCFEEAE}"
EndProject
Project("{FAE04EC0-301F-11D3-BF4B-00C04F79EFBC}") = "SWE3.Testing", "SWE3.Testing\SWE3.Testing.csproj", "{669FA1FD-6BD6-4DCE-A763-FF483090B22A}"
EndProject
Global
	GlobalSection(SolutionConfigurationPlatforms) = preSolution
		Debug|Any CPU = Debug|Any CPU
		Release|Any CPU = Release|Any CPU
	EndGlobalSection
	GlobalSection(ProjectConfigurationPlatforms) = postSolution
		{790ACB58-C889-4F3D-94FD-F0F7CFCFEEAE}.Debug|Any CPU.ActiveCfg = Debug|Any CPU
		{790ACB58-C889-4F3D-94FD-F0F7CFCFEEAE}.Debug|Any CPU.Build.0 = Debug|Any CPU
		{790ACB58-C889-4F3D-94FD-F0F7CFCFEEAE}.Release|Any CPU.ActiveCfg = Release|Any CPU
		{790ACB58-C889-4F3D-94FD-F0F7CFCFEEAE}.Release|Any CPU.Build.0 = Release|Any CPU
		{669FA1FD-6BD6-4DCE-A763-FF483090B22A}.Debug|Any CPU.ActiveCfg = Debug|Any CPU
		{669FA1FD-6BD6-4DCE-A763-FF483090B22A}.Debug|Any CPU.Build.0 = Debug|Any CPU
		{669FA1FD-6BD6-4DCE-A763-FF483090B22A}.Release|Any CPU.ActiveCfg = Release|Any CPU
		{669FA1FD-6BD6-4DCE-A763-FF483090B22A}.Release|Any CPU.Build.0 = Release|Any CPU
	EndGlobalSection
	GlobalSection(SolutionProperties) = preSolution
		HideSolutionNode = FALSE
	EndGlobalSection
	GlobalSection(ExtensibilityGlobals) = postSolution
		SolutionGuid = {7A1CA501-8670-4BCE-B5F6-218E723C4E35}
	EndGlobalSection
EndGlobal
